// !$*UTF8*$!
{
	archiveVersion = 1;
	classes = {
	};
	objectVersion = 46;
	objects = {

/* Begin PBXBuildFile section */
		8B01FEC11D0322FC008F7DD9 /* main.m in Sources */ = {isa = PBXBuildFile; fileRef = 8B01FEC01D0322FC008F7DD9 /* main.m */; };
		8B01FEC41D0322FC008F7DD9 /* AppDelegate.m in Sources */ = {isa = PBXBuildFile; fileRef = 8B01FEC31D0322FC008F7DD9 /* AppDelegate.m */; };
		8B01FEC71D0322FC008F7DD9 /* ViewController.m in Sources */ = {isa = PBXBuildFile; fileRef = 8B01FEC61D0322FC008F7DD9 /* ViewController.m */; };
		8B01FECA1D0322FC008F7DD9 /* Main.storyboard in Resources */ = {isa = PBXBuildFile; fileRef = 8B01FEC81D0322FC008F7DD9 /* Main.storyboard */; };
		8B01FECC1D0322FC008F7DD9 /* Assets.xcassets in Resources */ = {isa = PBXBuildFile; fileRef = 8B01FECB1D0322FC008F7DD9 /* Assets.xcassets */; };
		8B01FECF1D0322FC008F7DD9 /* LaunchScreen.storyboard in Resources */ = {isa = PBXBuildFile; fileRef = 8B01FECD1D0322FC008F7DD9 /* LaunchScreen.storyboard */; };
		8B01FEDA1D0322FC008F7DD9 /* SOUERCEDEMOTests.m in Sources */ = {isa = PBXBuildFile; fileRef = 8B01FED91D0322FC008F7DD9 /* SOUERCEDEMOTests.m */; };
		8B01FEE51D0322FC008F7DD9 /* SOUERCEDEMOUITests.m in Sources */ = {isa = PBXBuildFile; fileRef = 8B01FEE41D0322FC008F7DD9 /* SOUERCEDEMOUITests.m */; };
/* End PBXBuildFile section */

/* Begin PBXContainerItemProxy section */
		8B01FED61D0322FC008F7DD9 /* PBXContainerItemProxy */ = {
			isa = PBXContainerItemProxy;
			containerPortal = 8B01FEB41D0322FC008F7DD9 /* Project object */;
			proxyType = 1;
			remoteGlobalIDString = 8B01FEBB1D0322FC008F7DD9;
			remoteInfo = SOUERCEDEMO;
		};
		8B01FEE11D0322FC008F7DD9 /* PBXContainerItemProxy */ = {
			isa = PBXContainerItemProxy;
			containerPortal = 8B01FEB41D0322FC008F7DD9 /* Project object */;
			proxyType = 1;
			remoteGlobalIDString = 8B01FEBB1D0322FC008F7DD9;
			remoteInfo = SOUERCEDEMO;
		};
/* End PBXContainerItemProxy section */

/* Begin PBXFileReference section */
		8B01FEBC1D0322FC008F7DD9 /* SOUERCEDEMO.app */ = {isa = PBXFileReference; explicitFileType = wrapper.application; includeInIndex = 0; path = SOUERCEDEMO.app; sourceTree = BUILT_PRODUCTS_DIR; };
		8B01FEC01D0322FC008F7DD9 /* main.m */ = {isa = PBXFileReference; lastKnownFileType = sourcecode.c.objc; path = main.m; sourceTree = "<group>"; };
		8B01FEC21D0322FC008F7DD9 /* AppDelegate.h */ = {isa = PBXFileReference; lastKnownFileType = sourcecode.c.h; path = AppDelegate.h; sourceTree = "<group>"; };
		8B01FEC31D0322FC008F7DD9 /* AppDelegate.m */ = {isa = PBXFileReference; lastKnownFileType = sourcecode.c.objc; path = AppDelegate.m; sourceTree = "<group>"; };
		8B01FEC51D0322FC008F7DD9 /* ViewController.h */ = {isa = PBXFileReference; lastKnownFileType = sourcecode.c.h; path = ViewController.h; sourceTree = "<group>"; };
		8B01FEC61D0322FC008F7DD9 /* ViewController.m */ = {isa = PBXFileReference; lastKnownFileType = sourcecode.c.objc; path = ViewController.m; sourceTree = "<group>"; };
		8B01FEC91D0322FC008F7DD9 /* Base */ = {isa = PBXFileReference; lastKnownFileType = file.storyboard; name = Base; path = Base.lproj/Main.storyboard; sourceTree = "<group>"; };
		8B01FECB1D0322FC008F7DD9 /* Assets.xcassets */ = {isa = PBXFileReference; lastKnownFileType = folder.assetcatalog; path = Assets.xcassets; sourceTree = "<group>"; };
		8B01FECE1D0322FC008F7DD9 /* Base */ = {isa = PBXFileReference; lastKnownFileType = file.storyboard; name = Base; path = Base.lproj/LaunchScreen.storyboard; sourceTree = "<group>"; };
		8B01FED01D0322FC008F7DD9 /* Info.plist */ = {isa = PBXFileReference; lastKnownFileType = text.plist.xml; path = Info.plist; sourceTree = "<group>"; };
		8B01FED51D0322FC008F7DD9 /* SOUERCEDEMOTests.xctest */ = {isa = PBXFileReference; explicitFileType = wrapper.cfbundle; includeInIndex = 0; path = SOUERCEDEMOTests.xctest; sourceTree = BUILT_PRODUCTS_DIR; };
		8B01FED91D0322FC008F7DD9 /* SOUERCEDEMOTests.m */ = {isa = PBXFileReference; lastKnownFileType = sourcecode.c.objc; path = SOUERCEDEMOTests.m; sourceTree = "<group>"; };
		8B01FEDB1D0322FC008F7DD9 /* Info.plist */ = {isa = PBXFileReference; lastKnownFileType = text.plist.xml; path = Info.plist; sourceTree = "<group>"; };
		8B01FEE01D0322FC008F7DD9 /* SOUERCEDEMOUITests.xctest */ = {isa = PBXFileReference; explicitFileType = wrapper.cfbundle; includeInIndex = 0; path = SOUERCEDEMOUITests.xctest; sourceTree = BUILT_PRODUCTS_DIR; };
		8B01FEE41D0322FC008F7DD9 /* SOUERCEDEMOUITests.m */ = {isa = PBXFileReference; lastKnownFileType = sourcecode.c.objc; path = SOUERCEDEMOUITests.m; sourceTree = "<group>"; };
		8B01FEE61D0322FC008F7DD9 /* Info.plist */ = {isa = PBXFileReference; lastKnownFileType = text.plist.xml; path = Info.plist; sourceTree = "<group>"; };
/* End PBXFileReference section */

/* Begin PBXFrameworksBuildPhase section */
		8B01FEB91D0322FC008F7DD9 /* Frameworks */ = {
			isa = PBXFrameworksBuildPhase;
			buildActionMask = 2147483647;
			files = (
			);
			runOnlyForDeploymentPostprocessing = 0;
		};
		8B01FED21D0322FC008F7DD9 /* Frameworks */ = {
			isa = PBXFrameworksBuildPhase;
			buildActionMask = 2147483647;
			files = (
			);
			runOnlyForDeploymentPostprocessing = 0;
		};
		8B01FEDD1D0322FC008F7DD9 /* Frameworks */ = {
			isa = PBXFrameworksBuildPhase;
			buildActionMask = 2147483647;
			files = (
			);
			runOnlyForDeploymentPostprocessing = 0;
		};
/* End PBXFrameworksBuildPhase section */

/* Begin PBXGroup section */
		8B01FEB31D0322FC008F7DD9 = {
			isa = PBXGroup;
			children = (
				8B01FEBE1D0322FC008F7DD9 /* SOUERCEDEMO */,
				8B01FED81D0322FC008F7DD9 /* SOUERCEDEMOTests */,
				8B01FEE31D0322FC008F7DD9 /* SOUERCEDEMOUITests */,
				8B01FEBD1D0322FC008F7DD9 /* Products */,
			);
			sourceTree = "<group>";
		};
		8B01FEBD1D0322FC008F7DD9 /* Products */ = {
			isa = PBXGroup;
			children = (
				8B01FEBC1D0322FC008F7DD9 /* SOUERCEDEMO.app */,
				8B01FED51D0322FC008F7DD9 /* SOUERCEDEMOTests.xctest */,
				8B01FEE01D0322FC008F7DD9 /* SOUERCEDEMOUITests.xctest */,
			);
			name = Products;
			sourceTree = "<group>";
		};
		8B01FEBE1D0322FC008F7DD9 /* SOUERCEDEMO */ = {
			isa = PBXGroup;
			children = (
				8B01FEC21D0322FC008F7DD9 /* AppDelegate.h */,
				8B01FEC31D0322FC008F7DD9 /* AppDelegate.m */,
				8B01FEC51D0322FC008F7DD9 /* ViewController.h */,
				8B01FEC61D0322FC008F7DD9 /* ViewController.m */,
				8B01FEC81D0322FC008F7DD9 /* Main.storyboard */,
				8B01FECB1D0322FC008F7DD9 /* Assets.xcassets */,
				8B01FECD1D0322FC008F7DD9 /* LaunchScreen.storyboard */,
				8B01FED01D0322FC008F7DD9 /* Info.plist */,
				8B01FEBF1D0322FC008F7DD9 /* Supporting Files */,
			);
			path = SOUERCEDEMO;
			sourceTree = "<group>";
		};
		8B01FEBF1D0322FC008F7DD9 /* Supporting Files */ = {
			isa = PBXGroup;
			children = (
				8B01FEC01D0322FC008F7DD9 /* main.m */,
			);
			name = "Supporting Files";
			sourceTree = "<group>";
		};
		8B01FED81D0322FC008F7DD9 /* SOUERCEDEMOTests */ = {
			isa = PBXGroup;
			children = (
				8B01FED91D0322FC008F7DD9 /* SOUERCEDEMOTests.m */,
				8B01FEDB1D0322FC008F7DD9 /* Info.plist */,
			);
			path = SOUERCEDEMOTests;
			sourceTree = "<group>";
		};
		8B01FEE31D0322FC008F7DD9 /* SOUERCEDEMOUITests */ = {
			isa = PBXGroup;
			children = (
				8B01FEE41D0322FC008F7DD9 /* SOUERCEDEMOUITests.m */,
				8B01FEE61D0322FC008F7DD9 /* Info.plist */,
			);
			path = SOUERCEDEMOUITests;
			sourceTree = "<group>";
		};
/* End PBXGroup section */

/* Begin PBXNativeTarget section */
		8B01FEBB1D0322FC008F7DD9 /* SOUERCEDEMO */ = {
			isa = PBXNativeTarget;
			buildConfigurationList = 8B01FEE91D0322FC008F7DD9 /* Build configuration list for PBXNativeTarget "SOUERCEDEMO" */;
			buildPhases = (
				8B01FEB81D0322FC008F7DD9 /* Sources */,
				8B01FEB91D0322FC008F7DD9 /* Frameworks */,
				8B01FEBA1D0322FC008F7DD9 /* Resources */,
			);
			buildRules = (
			);
			dependencies = (
			);
			name = SOUERCEDEMO;
			productName = SOUERCEDEMO;
			productReference = 8B01FEBC1D0322FC008F7DD9 /* SOUERCEDEMO.app */;
			productType = "com.apple.product-type.application";
		};
		8B01FED41D0322FC008F7DD9 /* SOUERCEDEMOTests */ = {
			isa = PBXNativeTarget;
			buildConfigurationList = 8B01FEEC1D0322FC008F7DD9 /* Build configuration list for PBXNativeTarget "SOUERCEDEMOTests" */;
			buildPhases = (
				8B01FED11D0322FC008F7DD9 /* Sources */,
				8B01FED21D0322FC008F7DD9 /* Frameworks */,
				8B01FED31D0322FC008F7DD9 /* Resources */,
			);
			buildRules = (
			);
			dependencies = (
				8B01FED71D0322FC008F7DD9 /* PBXTargetDependency */,
			);
			name = SOUERCEDEMOTests;
			productName = SOUERCEDEMOTests;
			productReference = 8B01FED51D0322FC008F7DD9 /* SOUERCEDEMOTests.xctest */;
			productType = "com.apple.product-type.bundle.unit-test";
		};
		8B01FEDF1D0322FC008F7DD9 /* SOUERCEDEMOUITests */ = {
			isa = PBXNativeTarget;
			buildConfigurationList = 8B01FEEF1D0322FC008F7DD9 /* Build configuration list for PBXNativeTarget "SOUERCEDEMOUITests" */;
			buildPhases = (
				8B01FEDC1D0322FC008F7DD9 /* Sources */,
				8B01FEDD1D0322FC008F7DD9 /* Frameworks */,
				8B01FEDE1D0322FC008F7DD9 /* Resources */,
			);
			buildRules = (
			);
			dependencies = (
				8B01FEE21D0322FC008F7DD9 /* PBXTargetDependency */,
			);
			name = SOUERCEDEMOUITests;
			productName = SOUERCEDEMOUITests;
			productReference = 8B01FEE01D0322FC008F7DD9 /* SOUERCEDEMOUITests.xctest */;
			productType = "com.apple.product-type.bundle.ui-testing";
		};
/* End PBXNativeTarget section */

/* Begin PBXProject section */
		8B01FEB41D0322FC008F7DD9 /* Project object */ = {
			isa = PBXProject;
			attributes = {
				LastUpgradeCheck = 0730;
				ORGANIZATIONNAME = lauren;
				TargetAttributes = {
					8B01FEBB1D0322FC008F7DD9 = {
						CreatedOnToolsVersion = 7.3.1;
					};
					8B01FED41D0322FC008F7DD9 = {
						CreatedOnToolsVersion = 7.3.1;
						TestTargetID = 8B01FEBB1D0322FC008F7DD9;
					};
					8B01FEDF1D0322FC008F7DD9 = {
						CreatedOnToolsVersion = 7.3.1;
						TestTargetID = 8B01FEBB1D0322FC008F7DD9;
					};
				};
			};
			buildConfigurationList = 8B01FEB71D0322FC008F7DD9 /* Build configuration list for PBXProject "SOUERCEDEMO" */;
			compatibilityVersion = "Xcode 3.2";
			developmentRegion = English;
			hasScannedForEncodings = 0;
			knownRegions = (
				en,
				Base,
			);
			mainGroup = 8B01FEB31D0322FC008F7DD9;
			productRefGroup = 8B01FEBD1D0322FC008F7DD9 /* Products */;
			projectDirPath = "";
			projectRoot = "";
			targets = (
				8B01FEBB1D0322FC008F7DD9 /* SOUERCEDEMO */,
				8B01FED41D0322FC008F7DD9 /* SOUERCEDEMOTests */,
				8B01FEDF1D0322FC008F7DD9 /* SOUERCEDEMOUITests */,
			);
		};
/* End PBXProject section */

/* Begin PBXResourcesBuildPhase section */
		8B01FEBA1D0322FC008F7DD9 /* Resources */ = {
			isa = PBXResourcesBuildPhase;
			buildActionMask = 2147483647;
			files = (
				8B01FECF1D0322FC008F7DD9 /* LaunchScreen.storyboard in Resources */,
				8B01FECC1D0322FC008F7DD9 /* Assets.xcassets in Resources */,
				8B01FECA1D0322FC008F7DD9 /* Main.storyboard in Resources */,
			);
			runOnlyForDeploymentPostprocessing = 0;
		};
		8B01FED31D0322FC008F7DD9 /* Resources */ = {
			isa = PBXResourcesBuildPhase;
			buildActionMask = 2147483647;
			files = (
			);
			runOnlyForDeploymentPostprocessing = 0;
		};
		8B01FEDE1D0322FC008F7DD9 /* Resources */ = {
			isa = PBXResourcesBuildPhase;
			buildActionMask = 2147483647;
			files = (
			);
			runOnlyForDeploymentPostprocessing = 0;
		};
/* End PBXResourcesBuildPhase section */

/* Begin PBXSourcesBuildPhase section */
		8B01FEB81D0322FC008F7DD9 /* Sources */ = {
			isa = PBXSourcesBuildPhase;
			buildActionMask = 2147483647;
			files = (
				8B01FEC71D0322FC008F7DD9 /* ViewController.m in Sources */,
				8B01FEC41D0322FC008F7DD9 /* AppDelegate.m in Sources */,
				8B01FEC11D0322FC008F7DD9 /* main.m in Sources */,
			);
			runOnlyForDeploymentPostprocessing = 0;
		};
		8B01FED11D0322FC008F7DD9 /* Sources */ = {
			isa = PBXSourcesBuildPhase;
			buildActionMask = 2147483647;
			files = (
				8B01FEDA1D0322FC008F7DD9 /* SOUERCEDEMOTests.m in Sources */,
			);
			runOnlyForDeploymentPostprocessing = 0;
		};
		8B01FEDC1D0322FC008F7DD9 /* Sources */ = {
			isa = PBXSourcesBuildPhase;
			buildActionMask = 2147483647;
			files = (
				8B01FEE51D0322FC008F7DD9 /* SOUERCEDEMOUITests.m in Sources */,
			);
			runOnlyForDeploymentPostprocessing = 0;
		};
/* End PBXSourcesBuildPhase section */

/* Begin PBXTargetDependency section */
		8B01FED71D0322FC008F7DD9 /* PBXTargetDependency */ = {
			isa = PBXTargetDependency;
			target = 8B01FEBB1D0322FC008F7DD9 /* SOUERCEDEMO */;
			targetProxy = 8B01FED61D0322FC008F7DD9 /* PBXContainerItemProxy */;
		};
		8B01FEE21D0322FC008F7DD9 /* PBXTargetDependency */ = {
			isa = PBXTargetDependency;
			target = 8B01FEBB1D0322FC008F7DD9 /* SOUERCEDEMO */;
			targetProxy = 8B01FEE11D0322FC008F7DD9 /* PBXContainerItemProxy */;
		};
/* End PBXTargetDependency section */

/* Begin PBXVariantGroup section */
		8B01FEC81D0322FC008F7DD9 /* Main.storyboard */ = {
			isa = PBXVariantGroup;
			children = (
				8B01FEC91D0322FC008F7DD9 /* Base */,
			);
			name = Main.storyboard;
			sourceTree = "<group>";
		};
		8B01FECD1D0322FC008F7DD9 /* LaunchScreen.storyboard */ = {
			isa = PBXVariantGroup;
			children = (
				8B01FECE1D0322FC008F7DD9 /* Base */,
			);
			name = LaunchScreen.storyboard;
			sourceTree = "<group>";
		};
/* End PBXVariantGroup section */

/* Begin XCBuildConfiguration section */
		8B01FEE71D0322FC008F7DD9 /* Debug */ = {
			isa = XCBuildConfiguration;
			buildSettings = {
				ALWAYS_SEARCH_USER_PATHS = NO;
				CLANG_ANALYZER_NONNULL = YES;
				CLANG_CXX_LANGUAGE_STANDARD = "gnu++0x";
				CLANG_CXX_LIBRARY = "libc++";
				CLANG_ENABLE_MODULES = YES;
				CLANG_ENABLE_OBJC_ARC = YES;
				CLANG_WARN_BOOL_CONVERSION = YES;
				CLANG_WARN_CONSTANT_CONVERSION = YES;
				CLANG_WARN_DIRECT_OBJC_ISA_USAGE = YES_ERROR;
				CLANG_WARN_EMPTY_BODY = YES;
				CLANG_WARN_ENUM_CONVERSION = YES;
				CLANG_WARN_INT_CONVERSION = YES;
				CLANG_WARN_OBJC_ROOT_CLASS = YES_ERROR;
				CLANG_WARN_UNREACHABLE_CODE = YES;
				CLANG_WARN__DUPLICATE_METHOD_MATCH = YES;
				"CODE_SIGN_IDENTITY[sdk=iphoneos*]" = "iPhone Developer";
				COPY_PHASE_STRIP = NO;
				DEBUG_INFORMATION_FORMAT = dwarf;
				ENABLE_STRICT_OBJC_MSGSEND = YES;
				ENABLE_TESTABILITY = YES;
				GCC_C_LANGUAGE_STANDARD = gnu99;
				GCC_DYNAMIC_NO_PIC = NO;
				GCC_NO_COMMON_BLOCKS = YES;
				GCC_OPTIMIZATION_LEVEL = 0;
				GCC_PREPROCESSOR_DEFINITIONS = (
					"DEBUG=1",
					"$(inherited)",
				);
				GCC_WARN_64_TO_32_BIT_CONVERSION = YES;
				GCC_WARN_ABOUT_RETURN_TYPE = YES_ERROR;
				GCC_WARN_UNDECLARED_SELECTOR = YES;
				GCC_WARN_UNINITIALIZED_AUTOS = YES_AGGRESSIVE;
				GCC_WARN_UNUSED_FUNCTION = YES;
				GCC_WARN_UNUSED_VARIABLE = YES;
				IPHONEOS_DEPLOYMENT_TARGET = 9.3;
				MTL_ENABLE_DEBUG_INFO = YES;
				ONLY_ACTIVE_ARCH = YES;
				SDKROOT = iphoneos;
				TARGETED_DEVICE_FAMILY = "1,2";
			};
			name = Debug;
		};
		8B01FEE81D0322FC008F7DD9 /* Release */ = {
			isa = XCBuildConfiguration;
			buildSettings = {
				ALWAYS_SEARCH_USER_PATHS = NO;
				CLANG_ANALYZER_NONNULL = YES;
				CLANG_CXX_LANGUAGE_STANDARD = "gnu++0x";
				CLANG_CXX_LIBRARY = "libc++";
				CLANG_ENABLE_MODULES = YES;
				CLANG_ENABLE_OBJC_ARC = YES;
				CLANG_WARN_BOOL_CONVERSION = YES;
				CLANG_WARN_CONSTANT_CONVERSION = YES;
				CLANG_WARN_DIRECT_OBJC_ISA_USAGE = YES_ERROR;
				CLANG_WARN_EMPTY_BODY = YES;
				CLANG_WARN_ENUM_CONVERSION = YES;
				CLANG_WARN_INT_CONVERSION = YES;
				CLANG_WARN_OBJC_ROOT_CLASS = YES_ERROR;
				CLANG_WARN_UNREACHABLE_CODE = YES;
				CLANG_WARN__DUPLICATE_METHOD_MATCH = YES;
				"CODE_SIGN_IDENTITY[sdk=iphoneos*]" = "iPhone Developer";
				COPY_PHASE_STRIP = NO;
				DEBUG_INFORMATION_FORMAT = "dwarf-with-dsym";
				ENABLE_NS_ASSERTIONS = NO;
				ENABLE_STRICT_OBJC_MSGSEND = YES;
				GCC_C_LANGUAGE_STANDARD = gnu99;
				GCC_NO_COMMON_BLOCKS = YES;
				GCC_WARN_64_TO_32_BIT_CONVERSION = YES;
				GCC_WARN_ABOUT_RETURN_TYPE = YES_ERROR;
				GCC_WARN_UNDECLARED_SELECTOR = YES;
				GCC_WARN_UNINITIALIZED_AUTOS = YES_AGGRESSIVE;
				GCC_WARN_UNUSED_FUNCTION = YES;
				GCC_WARN_UNUSED_VARIABLE = YES;
				IPHONEOS_DEPLOYMENT_TARGET = 9.3;
				MTL_ENABLE_DEBUG_INFO = NO;
				SDKROOT = iphoneos;
				TARGETED_DEVICE_FAMILY = "1,2";
				VALIDATE_PRODUCT = YES;
			};
			name = Release;
		};
		8B01FEEA1D0322FC008F7DD9 /* Debug */ = {
			isa = XCBuildConfiguration;
			buildSettings = {
				ASSETCATALOG_COMPILER_APPICON_NAME = AppIcon;
				INFOPLIST_FILE = SOUERCEDEMO/Info.plist;
				LD_RUNPATH_SEARCH_PATHS = "$(inherited) @executable_path/Frameworks";
				PRODUCT_BUNDLE_IDENTIFIER = com.lauren.SOUERCEDEMO;
				PRODUCT_NAME = "$(TARGET_NAME)";
			};
			name = Debug;
		};
		8B01FEEB1D0322FC008F7DD9 /* Release */ = {
			isa = XCBuildConfiguration;
			buildSettings = {
				ASSETCATALOG_COMPILER_APPICON_NAME = AppIcon;
				INFOPLIST_FILE = SOUERCEDEMO/Info.plist;
				LD_RUNPATH_SEARCH_PATHS = "$(inherited) @executable_path/Frameworks";
				PRODUCT_BUNDLE_IDENTIFIER = com.lauren.SOUERCEDEMO;
				PRODUCT_NAME = "$(TARGET_NAME)";
			};
			name = Release;
		};
		8B01FEED1D0322FC008F7DD9 /* Debug */ = {
			isa = XCBuildConfiguration;
			buildSettings = {
				BUNDLE_LOADER = "$(TEST_HOST)";
				INFOPLIST_FILE = SOUERCEDEMOTests/Info.plist;
				LD_RUNPATH_SEARCH_PATHS = "$(inherited) @executable_path/Frameworks @loader_path/Frameworks";
				PRODUCT_BUNDLE_IDENTIFIER = com.lauren.SOUERCEDEMOTests;
				PRODUCT_NAME = "$(TARGET_NAME)";
				TEST_HOST = "$(BUILT_PRODUCTS_DIR)/SOUERCEDEMO.app/SOUERCEDEMO";
			};
			name = Debug;
		};
		8B01FEEE1D0322FC008F7DD9 /* Release */ = {
			isa = XCBuildConfiguration;
			buildSettings = {
				BUNDLE_LOADER = "$(TEST_HOST)";
				INFOPLIST_FILE = SOUERCEDEMOTests/Info.plist;
				LD_RUNPATH_SEARCH_PATHS = "$(inherited) @executable_path/Frameworks @loader_path/Frameworks";
				PRODUCT_BUNDLE_IDENTIFIER = com.lauren.SOUERCEDEMOTests;
				PRODUCT_NAME = "$(TARGET_NAME)";
				TEST_HOST = "$(BUILT_PRODUCTS_DIR)/SOUERCEDEMO.app/SOUERCEDEMO";
			};
			name = Release;
		};
		8B01FEF01D0322FC008F7DD9 /* Debug */ = {
			isa = XCBuildConfiguration;
			buildSettings = {
				INFOPLIST_FILE = SOUERCEDEMOUITests/Info.plist;
				LD_RUNPATH_SEARCH_PATHS = "$(inherited) @executable_path/Frameworks @loader_path/Frameworks";
				PRODUCT_BUNDLE_IDENTIFIER = com.lauren.SOUERCEDEMOUITests;
				PRODUCT_NAME = "$(TARGET_NAME)";
				TEST_TARGET_NAME = SOUERCEDEMO;
			};
			name = Debug;
		};
		8B01FEF11D0322FC008F7DD9 /* Release */ = {
			isa = XCBuildConfiguration;
			buildSettings = {
				INFOPLIST_FILE = SOUERCEDEMOUITests/Info.plist;
				LD_RUNPATH_SEARCH_PATHS = "$(inherited) @executable_path/Frameworks @loader_path/Frameworks";
				PRODUCT_BUNDLE_IDENTIFIER = com.lauren.SOUERCEDEMOUITests;
				PRODUCT_NAME = "$(TARGET_NAME)";
				TEST_TARGET_NAME = SOUERCEDEMO;
			};
			name = Release;
		};
/* End XCBuildConfiguration section */

/* Begin XCConfigurationList section */
		8B01FEB71D0322FC008F7DD9 /* Build configuration list for PBXProject "SOUERCEDEMO" */ = {
			isa = XCConfigurationList;
			buildConfigurations = (
				8B01FEE71D0322FC008F7DD9 /* Debug */,
				8B01FEE81D0322FC008F7DD9 /* Release */,
			);
			defaultConfigurationIsVisible = 0;
			defaultConfigurationName = Release;
		};
		8B01FEE91D0322FC008F7DD9 /* Build configuration list for PBXNativeTarget "SOUERCEDEMO" */ = {
			isa = XCConfigurationList;
			buildConfigurations = (
				8B01FEEA1D0322FC008F7DD9 /* Debug */,
				8B01FEEB1D0322FC008F7DD9 /* Release */,
			);
			defaultConfigurationIsVisible = 0;
		};
		8B01FEEC1D0322FC008F7DD9 /* Build configuration list for PBXNativeTarget "SOUERCEDEMOTests" */ = {
			isa = XCConfigurationList;
			buildConfigurations = (
				8B01FEED1D0322FC008F7DD9 /* Debug */,
				8B01FEEE1D0322FC008F7DD9 /* Release */,
			);
			defaultConfigurationIsVisible = 0;
		};
		8B01FEEF1D0322FC008F7DD9 /* Build configuration list for PBXNativeTarget "SOUERCEDEMOUITests" */ = {
			isa = XCConfigurationList;
			buildConfigurations = (
				8B01FEF01D0322FC008F7DD9 /* Debug */,
				8B01FEF11D0322FC008F7DD9 /* Release */,
			);
			defaultConfigurationIsVisible = 0;
		};
/* End XCConfigurationList section */
	};
	rootObject = 8B01FEB41D0322FC008F7DD9 /* Project object */;
}
